
Microsoft Visual Studio Solution File, Format Version 12.00
# Visual Studio Version 17
VisualStudioVersion = 17.5.33516.290
MinimumVisualStudioVersion = 10.0.40219.1
Project("{FAE04EC0-301F-11D3-BF4B-00C04F79EFBC}") = "SortierAlgorithmus", "SortierAlgorithmus.csproj", "{6B67E22C-1CE6-4C9F-8049-E8964A3A7870}"
EndProject
Global
	GlobalSection(SolutionConfigurationPlatforms) = preSolution
		Debug|Any CPU = Debug|Any CPU
		Release|Any CPU = Release|Any CPU
	EndGlobalSection
	GlobalSection(ProjectConfigurationPlatforms) = postSolution
		{6B67E22C-1CE6-4C9F-8049-E8964A3A7870}.Debug|Any CPU.ActiveCfg = Debug|Any CPU
		{6B67E22C-1CE6-4C9F-8049-E8964A3A7870}.Debug|Any CPU.Build.0 = Debug|Any CPU
		{6B67E22C-1CE6-4C9F-8049-E8964A3A7870}.Release|Any CPU.ActiveCfg = Release|Any CPU
		{6B67E22C-1CE6-4C9F-8049-E8964A3A7870}.Release|Any CPU.Build.0 = Release|Any CPU
	EndGlobalSection
	GlobalSection(SolutionProperties) = preSolution
		HideSolutionNode = FALSE
	EndGlobalSection
	GlobalSection(ExtensibilityGlobals) = postSolution
		SolutionGuid = {0DEB3831-BC39-47DC-9F3D-0A6B6E5D11E4}
	EndGlobalSection
EndGlobal
